
Microsoft Visual Studio Solution File, Format Version 12.00
# Visual Studio Version 17
VisualStudioVersion = 17.0.31903.59
MinimumVisualStudioVersion = 10.0.40219.1
Project("{FAE04EC0-301F-11D3-BF4B-00C04F79EFBC}") = "MeuPrograma", "MeuPrograma\MeuPrograma.csproj", "{69B9C978-44C5-433E-9F45-3A70A91E5B18}"
EndProject
Project("{FAE04EC0-301F-11D3-BF4B-00C04F79EFBC}") = "VariousTypes", "VariousTypes\VariousTypes.csproj", "{043CBBF0-78C9-4736-89B3-3DC17153F501}"
EndProject
Project("{FAE04EC0-301F-11D3-BF4B-00C04F79EFBC}") = "ManyStrings", "ManyStrings\ManyStrings.csproj", "{5FB64C21-6F8A-4D98-98FD-D1EB1576B95D}"
EndProject
Project("{FAE04EC0-301F-11D3-BF4B-00C04F79EFBC}") = "AskForInput", "AskForInput\AskForInput.csproj", "{3A51D49B-F987-4A3B-ABE0-69B1B4255DF8}"
EndProject
Project("{FAE04EC0-301F-11D3-BF4B-00C04F79EFBC}") = "Percentagem", "Percentagem\Percentagem.csproj", "{D58F90C9-C8F7-4D21-AF7E-492FDDA22B9B}"
EndProject
Global
	GlobalSection(SolutionConfigurationPlatforms) = preSolution
		Debug|Any CPU = Debug|Any CPU
		Debug|x64 = Debug|x64
		Debug|x86 = Debug|x86
		Release|Any CPU = Release|Any CPU
		Release|x64 = Release|x64
		Release|x86 = Release|x86
	EndGlobalSection
	GlobalSection(ProjectConfigurationPlatforms) = postSolution
		{69B9C978-44C5-433E-9F45-3A70A91E5B18}.Debug|Any CPU.ActiveCfg = Debug|Any CPU
		{69B9C978-44C5-433E-9F45-3A70A91E5B18}.Debug|Any CPU.Build.0 = Debug|Any CPU
		{69B9C978-44C5-433E-9F45-3A70A91E5B18}.Debug|x64.ActiveCfg = Debug|Any CPU
		{69B9C978-44C5-433E-9F45-3A70A91E5B18}.Debug|x64.Build.0 = Debug|Any CPU
		{69B9C978-44C5-433E-9F45-3A70A91E5B18}.Debug|x86.ActiveCfg = Debug|Any CPU
		{69B9C978-44C5-433E-9F45-3A70A91E5B18}.Debug|x86.Build.0 = Debug|Any CPU
		{69B9C978-44C5-433E-9F45-3A70A91E5B18}.Release|Any CPU.ActiveCfg = Release|Any CPU
		{69B9C978-44C5-433E-9F45-3A70A91E5B18}.Release|Any CPU.Build.0 = Release|Any CPU
		{69B9C978-44C5-433E-9F45-3A70A91E5B18}.Release|x64.ActiveCfg = Release|Any CPU
		{69B9C978-44C5-433E-9F45-3A70A91E5B18}.Release|x64.Build.0 = Release|Any CPU
		{69B9C978-44C5-433E-9F45-3A70A91E5B18}.Release|x86.ActiveCfg = Release|Any CPU
		{69B9C978-44C5-433E-9F45-3A70A91E5B18}.Release|x86.Build.0 = Release|Any CPU
		{043CBBF0-78C9-4736-89B3-3DC17153F501}.Debug|Any CPU.ActiveCfg = Debug|Any CPU
		{043CBBF0-78C9-4736-89B3-3DC17153F501}.Debug|Any CPU.Build.0 = Debug|Any CPU
		{043CBBF0-78C9-4736-89B3-3DC17153F501}.Debug|x64.ActiveCfg = Debug|Any CPU
		{043CBBF0-78C9-4736-89B3-3DC17153F501}.Debug|x64.Build.0 = Debug|Any CPU
		{043CBBF0-78C9-4736-89B3-3DC17153F501}.Debug|x86.ActiveCfg = Debug|Any CPU
		{043CBBF0-78C9-4736-89B3-3DC17153F501}.Debug|x86.Build.0 = Debug|Any CPU
		{043CBBF0-78C9-4736-89B3-3DC17153F501}.Release|Any CPU.ActiveCfg = Release|Any CPU
		{043CBBF0-78C9-4736-89B3-3DC17153F501}.Release|Any CPU.Build.0 = Release|Any CPU
		{043CBBF0-78C9-4736-89B3-3DC17153F501}.Release|x64.ActiveCfg = Release|Any CPU
		{043CBBF0-78C9-4736-89B3-3DC17153F501}.Release|x64.Build.0 = Release|Any CPU
		{043CBBF0-78C9-4736-89B3-3DC17153F501}.Release|x86.ActiveCfg = Release|Any CPU
		{043CBBF0-78C9-4736-89B3-3DC17153F501}.Release|x86.Build.0 = Release|Any CPU
		{5FB64C21-6F8A-4D98-98FD-D1EB1576B95D}.Debug|Any CPU.ActiveCfg = Debug|Any CPU
		{5FB64C21-6F8A-4D98-98FD-D1EB1576B95D}.Debug|Any CPU.Build.0 = Debug|Any CPU
		{5FB64C21-6F8A-4D98-98FD-D1EB1576B95D}.Debug|x64.ActiveCfg = Debug|Any CPU
		{5FB64C21-6F8A-4D98-98FD-D1EB1576B95D}.Debug|x64.Build.0 = Debug|Any CPU
		{5FB64C21-6F8A-4D98-98FD-D1EB1576B95D}.Debug|x86.ActiveCfg = Debug|Any CPU
		{5FB64C21-6F8A-4D98-98FD-D1EB1576B95D}.Debug|x86.Build.0 = Debug|Any CPU
		{5FB64C21-6F8A-4D98-98FD-D1EB1576B95D}.Release|Any CPU.ActiveCfg = Release|Any CPU
		{5FB64C21-6F8A-4D98-98FD-D1EB1576B95D}.Release|Any CPU.Build.0 = Release|Any CPU
		{5FB64C21-6F8A-4D98-98FD-D1EB1576B95D}.Release|x64.ActiveCfg = Release|Any CPU
		{5FB64C21-6F8A-4D98-98FD-D1EB1576B95D}.Release|x64.Build.0 = Release|Any CPU
		{5FB64C21-6F8A-4D98-98FD-D1EB1576B95D}.Release|x86.ActiveCfg = Release|Any CPU
		{5FB64C21-6F8A-4D98-98FD-D1EB1576B95D}.Release|x86.Build.0 = Release|Any CPU
		{3A51D49B-F987-4A3B-ABE0-69B1B4255DF8}.Debug|Any CPU.ActiveCfg = Debug|Any CPU
		{3A51D49B-F987-4A3B-ABE0-69B1B4255DF8}.Debug|Any CPU.Build.0 = Debug|Any CPU
		{3A51D49B-F987-4A3B-ABE0-69B1B4255DF8}.Debug|x64.ActiveCfg = Debug|Any CPU
		{3A51D49B-F987-4A3B-ABE0-69B1B4255DF8}.Debug|x64.Build.0 = Debug|Any CPU
		{3A51D49B-F987-4A3B-ABE0-69B1B4255DF8}.Debug|x86.ActiveCfg = Debug|Any CPU
		{3A51D49B-F987-4A3B-ABE0-69B1B4255DF8}.Debug|x86.Build.0 = Debug|Any CPU
		{3A51D49B-F987-4A3B-ABE0-69B1B4255DF8}.Release|Any CPU.ActiveCfg = Release|Any CPU
		{3A51D49B-F987-4A3B-ABE0-69B1B4255DF8}.Release|Any CPU.Build.0 = Release|Any CPU
		{3A51D49B-F987-4A3B-ABE0-69B1B4255DF8}.Release|x64.ActiveCfg = Release|Any CPU
		{3A51D49B-F987-4A3B-ABE0-69B1B4255DF8}.Release|x64.Build.0 = Release|Any CPU
		{3A51D49B-F987-4A3B-ABE0-69B1B4255DF8}.Release|x86.ActiveCfg = Release|Any CPU
		{3A51D49B-F987-4A3B-ABE0-69B1B4255DF8}.Release|x86.Build.0 = Release|Any CPU
		{D58F90C9-C8F7-4D21-AF7E-492FDDA22B9B}.Debug|Any CPU.ActiveCfg = Debug|Any CPU
		{D58F90C9-C8F7-4D21-AF7E-492FDDA22B9B}.Debug|Any CPU.Build.0 = Debug|Any CPU
		{D58F90C9-C8F7-4D21-AF7E-492FDDA22B9B}.Debug|x64.ActiveCfg = Debug|Any CPU
		{D58F90C9-C8F7-4D21-AF7E-492FDDA22B9B}.Debug|x64.Build.0 = Debug|Any CPU
		{D58F90C9-C8F7-4D21-AF7E-492FDDA22B9B}.Debug|x86.ActiveCfg = Debug|Any CPU
		{D58F90C9-C8F7-4D21-AF7E-492FDDA22B9B}.Debug|x86.Build.0 = Debug|Any CPU
		{D58F90C9-C8F7-4D21-AF7E-492FDDA22B9B}.Release|Any CPU.ActiveCfg = Release|Any CPU
		{D58F90C9-C8F7-4D21-AF7E-492FDDA22B9B}.Release|Any CPU.Build.0 = Release|Any CPU
		{D58F90C9-C8F7-4D21-AF7E-492FDDA22B9B}.Release|x64.ActiveCfg = Release|Any CPU
		{D58F90C9-C8F7-4D21-AF7E-492FDDA22B9B}.Release|x64.Build.0 = Release|Any CPU
		{D58F90C9-C8F7-4D21-AF7E-492FDDA22B9B}.Release|x86.ActiveCfg = Release|Any CPU
		{D58F90C9-C8F7-4D21-AF7E-492FDDA22B9B}.Release|x86.Build.0 = Release|Any CPU
	EndGlobalSection
	GlobalSection(SolutionProperties) = preSolution
		HideSolutionNode = FALSE
	EndGlobalSection
EndGlobal
